{
  "lockfileVersion": 1,
  "configVersion": 1,
  "workspaces": {
    "": {
      "name": "jac-ts-tools",
      "dependencies": {
        "oxc-parser": "^0.72.0",
      },
    },
  },
  "packages": {
    "@emnapi/core": ["@emnapi/core@1.8.1", "", { "dependencies": { "@emnapi/wasi-threads": "1.1.0", "tslib": "^2.4.0" } }, "sha512-AvT9QFpxK0Zd8J0jopedNm+w/2fIzvtPKPjqyw9jwvBaReTTqPBk9Hixaz7KbjimP+QNz605/XnjFcDAL2pqBg=="],

    "@emnapi/runtime": ["@emnapi/runtime@1.8.1", "", { "dependencies": { "tslib": "^2.4.0" } }, "sha512-mehfKSMWjjNol8659Z8KxEMrdSJDDot5SXMq00dM8BN4o+CLNXQ0xH2V7EchNHV4RmbZLmmPdEaXZc5H2FXmDg=="],

    "@emnapi/wasi-threads": ["@emnapi/wasi-threads@1.1.0", "", { "dependencies": { "tslib": "^2.4.0" } }, "sha512-WI0DdZ8xFSbgMjR1sFsKABJ/C5OnRrjT06JXbZKexJGrDuPTzZdDYfFlsgcCXCyf+suG5QU2e/y1Wo2V/OapLQ=="],

    "@napi-rs/wasm-runtime": ["@napi-rs/wasm-runtime@0.2.12", "", { "dependencies": { "@emnapi/core": "^1.4.3", "@emnapi/runtime": "^1.4.3", "@tybys/wasm-util": "^0.10.0" } }, "sha512-ZVWUcfwY4E/yPitQJl481FjFo3K22D6qF0DuFH6Y/nbnE11GY5uguDxZMGXPQ8WQ0128MXQD7TnfHyK4oWoIJQ=="],

    "@oxc-parser/binding-darwin-arm64": ["@oxc-parser/binding-darwin-arm64@0.72.3", "", { "os": "darwin", "cpu": "arm64" }, "sha512-g6wgcfL7At4wHNHutl0NmPZTAju+cUSmSX5WGUMyTJmozRzhx8E9a2KL4rTqNJPwEpbCFrgC29qX9f4fpDnUpA=="],

    "@oxc-parser/binding-darwin-x64": ["@oxc-parser/binding-darwin-x64@0.72.3", "", { "os": "darwin", "cpu": "x64" }, "sha512-pc+tplB2fd0AqdnXY90FguqSF2OwbxXwrMOLAMmsUiK4/ytr8Z/ftd49+d27GgvQJKeg2LfnIbskaQtY/j2tAA=="],

    "@oxc-parser/binding-freebsd-x64": ["@oxc-parser/binding-freebsd-x64@0.72.3", "", { "os": "freebsd", "cpu": "x64" }, "sha512-igBR6rOvL8t5SBm1f1rjtWNsjB53HNrM3au582JpYzWxOqCjeA5Jlm9KZbjQJC+J8SPB9xyljM7G+6yGZ2UAkQ=="],

    "@oxc-parser/binding-linux-arm-gnueabihf": ["@oxc-parser/binding-linux-arm-gnueabihf@0.72.3", "", { "os": "linux", "cpu": "arm" }, "sha512-/izdr3wg7bK+2RmNhZXC2fQwxbaTH3ELeqdR+Wg4FiEJ/C7ZBIjfB0E734bZGgbDu+rbEJTBlbG77XzY0wRX/Q=="],

    "@oxc-parser/binding-linux-arm-musleabihf": ["@oxc-parser/binding-linux-arm-musleabihf@0.72.3", "", { "os": "linux", "cpu": "arm" }, "sha512-Vz7C+qJb22HIFl3zXMlwvlTOR+MaIp5ps78060zsdeZh2PUGlYuUYkYXtGEjJV3kc8aKFj79XKqAY1EPG2NWQA=="],

    "@oxc-parser/binding-linux-arm64-gnu": ["@oxc-parser/binding-linux-arm64-gnu@0.72.3", "", { "os": "linux", "cpu": "arm64" }, "sha512-nomoMe2VpVxW767jhF+G3mDGmE0U6nvvi5nw9Edqd/5DIylQfq/lEGUWL7qITk+E72YXBsnwHtpRRlIAJOMyZg=="],

    "@oxc-parser/binding-linux-arm64-musl": ["@oxc-parser/binding-linux-arm64-musl@0.72.3", "", { "os": "linux", "cpu": "arm64" }, "sha512-4DswiIK5dI7hFqcMKWtZ7IZnWkRuskh6poI1ad4gkY2p678NOGtl6uOGCCRlDmLOOhp3R27u4VCTzQ6zra977w=="],

    "@oxc-parser/binding-linux-riscv64-gnu": ["@oxc-parser/binding-linux-riscv64-gnu@0.72.3", "", { "os": "linux", "cpu": "none" }, "sha512-R9GEiA4WFPGU/3RxAhEd6SaMdpqongGTvGEyTvYCS/MAQyXKxX/LFvc2xwjdvESpjIemmc/12aTTq6if28vHkQ=="],

    "@oxc-parser/binding-linux-s390x-gnu": ["@oxc-parser/binding-linux-s390x-gnu@0.72.3", "", { "os": "linux", "cpu": "s390x" }, "sha512-/sEYJQMVqikZO8gK9VDPT4zXo9du3gvvu8jp6erMmW5ev+14PErWRypJjktp0qoTj+uq4MzXro0tg7U+t5hP1w=="],

    "@oxc-parser/binding-linux-x64-gnu": ["@oxc-parser/binding-linux-x64-gnu@0.72.3", "", { "os": "linux", "cpu": "x64" }, "sha512-hlyljEZ0sMPKJQCd5pxnRh2sAf/w+Ot2iJecgV9Hl3brrYrYCK2kofC0DFaJM3NRmG/8ZB3PlxnSRSKZTocwCw=="],

    "@oxc-parser/binding-linux-x64-musl": ["@oxc-parser/binding-linux-x64-musl@0.72.3", "", { "os": "linux", "cpu": "x64" }, "sha512-T17S8ORqAIq+YDFMvLfbNdAiYHYDM1+sLMNhesR5eWBtyTHX510/NbgEvcNemO9N6BNR7m4A9o+q468UG+dmbg=="],

    "@oxc-parser/binding-wasm32-wasi": ["@oxc-parser/binding-wasm32-wasi@0.72.3", "", { "dependencies": { "@napi-rs/wasm-runtime": "^0.2.10" }, "cpu": "none" }, "sha512-x0Ojn/jyRUk6MllvVB/puSvI2tczZBIYweKVYHNv1nBatjPRiqo+6/uXiKrZwSfGLkGARrKkTuHSa5RdZBMOdA=="],

    "@oxc-parser/binding-win32-arm64-msvc": ["@oxc-parser/binding-win32-arm64-msvc@0.72.3", "", { "os": "win32", "cpu": "arm64" }, "sha512-kRVAl87ugRjLZTm9vGUyiXU50mqxLPHY81rgnZUP1HtNcqcmTQtM/wUKQL2UdqvhA6xm6zciqzqCgJfU+RW8uA=="],

    "@oxc-parser/binding-win32-x64-msvc": ["@oxc-parser/binding-win32-x64-msvc@0.72.3", "", { "os": "win32", "cpu": "x64" }, "sha512-vpVdoGAP5iGE5tIEPJgr7FkQJZA+sKjMkg5x1jarWJ1nnBamfGsfYiZum4QjCfW7jb+pl42rHVSS3lRmMPcyrQ=="],

    "@oxc-project/types": ["@oxc-project/types@0.72.3", "", {}, "sha512-CfAC4wrmMkUoISpQkFAIfMVvlPfQV3xg7ZlcqPXPOIMQhdKIId44G8W0mCPgtpWdFFAyJ+SFtiM+9vbyCkoVng=="],

    "@tybys/wasm-util": ["@tybys/wasm-util@0.10.1", "", { "dependencies": { "tslib": "^2.4.0" } }, "sha512-9tTaPJLSiejZKx+Bmog4uSubteqTvFrVrURwkmHixBo0G4seD0zUxp98E1DzUBJxLQ3NPwXrGKDiVjwx/DpPsg=="],

    "oxc-parser": ["oxc-parser@0.72.3", "", { "dependencies": { "@oxc-project/types": "^0.72.3" }, "optionalDependencies": { "@oxc-parser/binding-darwin-arm64": "0.72.3", "@oxc-parser/binding-darwin-x64": "0.72.3", "@oxc-parser/binding-freebsd-x64": "0.72.3", "@oxc-parser/binding-linux-arm-gnueabihf": "0.72.3", "@oxc-parser/binding-linux-arm-musleabihf": "0.72.3", "@oxc-parser/binding-linux-arm64-gnu": "0.72.3", "@oxc-parser/binding-linux-arm64-musl": "0.72.3", "@oxc-parser/binding-linux-riscv64-gnu": "0.72.3", "@oxc-parser/binding-linux-s390x-gnu": "0.72.3", "@oxc-parser/binding-linux-x64-gnu": "0.72.3", "@oxc-parser/binding-linux-x64-musl": "0.72.3", "@oxc-parser/binding-wasm32-wasi": "0.72.3", "@oxc-parser/binding-win32-arm64-msvc": "0.72.3", "@oxc-parser/binding-win32-x64-msvc": "0.72.3" } }, "sha512-JYQeJKDcUTTZ/uTdJ+fZBGFjAjkLD1h0p3Tf44ZYXRcoMk+57d81paNPFAAwzrzzqhZmkGvKKXDxwyhJXYZlpg=="],

    "tslib": ["tslib@2.8.1", "", {}, "sha512-oJFu94HQb+KVduSUQL7wnpmqnfmLsOA/nAh6b6EH0wCEoK0/mPeXU6c3wKDV83MkOuHPRHtSXKKU99IBazS/2w=="],
  }
}
